# This file is automatically @generated by Cargo.
# It is not intended for manual editing.
[[package]]
name = "lalrpop-util"
version = "0.19.0"
source = "registry+https://github.com/rust-lang/crates.io-index"
checksum = "f7e88f15a7d31dfa8fb607986819039127f0161058a3b248a146142d276cbd28"

[[package]]
name = "wasmrun"
version = "0.1.0"
dependencies = [
 "lalrpop-util",
]
